
Microsoft Visual Studio Solution File, Format Version 12.00
# Visual Studio Version 17
VisualStudioVersion = 17.9.34728.123
MinimumVisualStudioVersion = 10.0.40219.1
Project("{FAE04EC0-301F-11D3-BF4B-00C04F79EFBC}") = "ITI.GRPC.Server", "ITI.GRPC.Server\ITI.GRPC.Server.csproj", "{5A4AB4A5-57ED-424B-A270-FDCBD3A8FCD1}"
EndProject
Project("{FAE04EC0-301F-11D3-BF4B-00C04F79EFBC}") = "ITI.GRPC.Customer", "ITI.GRPC.Customer\ITI.GRPC.Customer.csproj", "{DC0A39A8-AC4F-4531-B6B8-08ECAAD6965A}"
EndProject
Global
	GlobalSection(SolutionConfigurationPlatforms) = preSolution
		Debug|Any CPU = Debug|Any CPU
		Release|Any CPU = Release|Any CPU
	EndGlobalSection
	GlobalSection(ProjectConfigurationPlatforms) = postSolution
		{5A4AB4A5-57ED-424B-A270-FDCBD3A8FCD1}.Debug|Any CPU.ActiveCfg = Debug|Any CPU
		{5A4AB4A5-57ED-424B-A270-FDCBD3A8FCD1}.Debug|Any CPU.Build.0 = Debug|Any CPU
		{5A4AB4A5-57ED-424B-A270-FDCBD3A8FCD1}.Release|Any CPU.ActiveCfg = Release|Any CPU
		{5A4AB4A5-57ED-424B-A270-FDCBD3A8FCD1}.Release|Any CPU.Build.0 = Release|Any CPU
		{DC0A39A8-AC4F-4531-B6B8-08ECAAD6965A}.Debug|Any CPU.ActiveCfg = Debug|Any CPU
		{DC0A39A8-AC4F-4531-B6B8-08ECAAD6965A}.Debug|Any CPU.Build.0 = Debug|Any CPU
		{DC0A39A8-AC4F-4531-B6B8-08ECAAD6965A}.Release|Any CPU.ActiveCfg = Release|Any CPU
		{DC0A39A8-AC4F-4531-B6B8-08ECAAD6965A}.Release|Any CPU.Build.0 = Release|Any CPU
	EndGlobalSection
	GlobalSection(SolutionProperties) = preSolution
		HideSolutionNode = FALSE
	EndGlobalSection
	GlobalSection(ExtensibilityGlobals) = postSolution
		SolutionGuid = {CD1B9DDB-A97C-4E0A-A213-287C0D6AACB5}
	EndGlobalSection
EndGlobal
